# THIS IS AN AUTOGENERATED FILE. DO NOT EDIT THIS FILE DIRECTLY.
# yarn lockfile v1


traits.js@^1.1.5:
  version "1.1.5"
  resolved "https://registry.yarnpkg.com/traits.js/-/traits.js-1.1.5.tgz#b4508af809c91be326ec301060f278eb29ec93eb"
  integrity sha512-5tqYuS65TenmU8JVW2MN5uY5/sHZbcdBjTBbBJviHNkVsGAEP4XTdVQL8VzCtDa1Jg7TvKWr5HPBWWFBMFc/tw==
